
Microsoft Visual Studio Solution File, Format Version 12.00
# Visual Studio 2012
Project("{FAE04EC0-301F-11D3-BF4B-00C04F79EFBC}") = "Naxam.Armcha.SpaceNavigationView", "Naxam.Armcha.SpaceNavigationView\Naxam.Armcha.SpaceNavigationView.csproj", "{6F0ECC59-1ECA-42AB-B6E9-8ADED1522503}"
EndProject
Project("{FAE04EC0-301F-11D3-BF4B-00C04F79EFBC}") = "Demo", "Demo\Demo.csproj", "{F9D0B572-B000-46C8-831B-A3940E4C5D22}"
EndProject
Global
	GlobalSection(SolutionConfigurationPlatforms) = preSolution
		Debug|Any CPU = Debug|Any CPU
		Release|Any CPU = Release|Any CPU
	EndGlobalSection
	GlobalSection(ProjectConfigurationPlatforms) = postSolution
		{6F0ECC59-1ECA-42AB-B6E9-8ADED1522503}.Debug|Any CPU.ActiveCfg = Debug|Any CPU
		{6F0ECC59-1ECA-42AB-B6E9-8ADED1522503}.Debug|Any CPU.Build.0 = Debug|Any CPU
		{6F0ECC59-1ECA-42AB-B6E9-8ADED1522503}.Release|Any CPU.ActiveCfg = Release|Any CPU
		{6F0ECC59-1ECA-42AB-B6E9-8ADED1522503}.Release|Any CPU.Build.0 = Release|Any CPU
		{F9D0B572-B000-46C8-831B-A3940E4C5D22}.Debug|Any CPU.ActiveCfg = Debug|Any CPU
		{F9D0B572-B000-46C8-831B-A3940E4C5D22}.Debug|Any CPU.Build.0 = Debug|Any CPU
		{F9D0B572-B000-46C8-831B-A3940E4C5D22}.Release|Any CPU.ActiveCfg = Release|Any CPU
		{F9D0B572-B000-46C8-831B-A3940E4C5D22}.Release|Any CPU.Build.0 = Release|Any CPU
	EndGlobalSection
EndGlobal
